
Microsoft Visual Studio Solution File, Format Version 12.00
# Visual Studio Version 17
VisualStudioVersion = 17.6.33815.320
MinimumVisualStudioVersion = 10.0.40219.1
Project("{9A19103F-16F7-4668-BE54-9A1E7A4F7556}") = "PlexLibraryCatalogue", "PlexLibraryCatalogue.csproj", "{8A8D9989-C34A-455F-80C7-9693FCE9CAF1}"
EndProject
Global
	GlobalSection(SolutionConfigurationPlatforms) = preSolution
		Debug|Any CPU = Debug|Any CPU
		Release|Any CPU = Release|Any CPU
	EndGlobalSection
	GlobalSection(ProjectConfigurationPlatforms) = postSolution
		{8A8D9989-C34A-455F-80C7-9693FCE9CAF1}.Debug|Any CPU.ActiveCfg = Debug|Any CPU
		{8A8D9989-C34A-455F-80C7-9693FCE9CAF1}.Debug|Any CPU.Build.0 = Debug|Any CPU
		{8A8D9989-C34A-455F-80C7-9693FCE9CAF1}.Release|Any CPU.ActiveCfg = Release|Any CPU
		{8A8D9989-C34A-455F-80C7-9693FCE9CAF1}.Release|Any CPU.Build.0 = Release|Any CPU
	EndGlobalSection
	GlobalSection(SolutionProperties) = preSolution
		HideSolutionNode = FALSE
	EndGlobalSection
	GlobalSection(ExtensibilityGlobals) = postSolution
		SolutionGuid = {BBA01681-017E-4AB5-90DE-C11ED45F6610}
	EndGlobalSection
EndGlobal
